// !$*UTF8*$!
{
	archiveVersion = 1;
	classes = {
	};
	objectVersion = 50;
	objects = {

/* Begin PBXBuildFile section */
		AE3C86D225BE09EE0011032B /* DetailViewController.swift in Sources */ = {isa = PBXBuildFile; fileRef = AE3C86D125BE09EE0011032B /* DetailViewController.swift */; };
		AE6FBE9625BEBC2B009A4F83 /* DailyForecast.swift in Sources */ = {isa = PBXBuildFile; fileRef = AE6FBE9525BEBC2B009A4F83 /* DailyForecast.swift */; };
		AE6FBE9D25BEC1EB009A4F83 /* ForecastCollectionViewCell.swift in Sources */ = {isa = PBXBuildFile; fileRef = AE6FBE9B25BEC1EA009A4F83 /* ForecastCollectionViewCell.swift */; };
		AE87131C25BEB7F4008226A4 /* DailyTemperature.swift in Sources */ = {isa = PBXBuildFile; fileRef = AE87131B25BEB7F3008226A4 /* DailyTemperature.swift */; };
		AE87131F25BEB81D008226A4 /* FeelsLikeTemperature.swift in Sources */ = {isa = PBXBuildFile; fileRef = AE87131E25BEB81D008226A4 /* FeelsLikeTemperature.swift */; };
		AE87132225BEB842008226A4 /* Forecast.swift in Sources */ = {isa = PBXBuildFile; fileRef = AE87132125BEB842008226A4 /* Forecast.swift */; };
		AE87132625BEB915008226A4 /* CurrentWeatherList.swift in Sources */ = {isa = PBXBuildFile; fileRef = AE87132525BEB915008226A4 /* CurrentWeatherList.swift */; };
		AE87132925BEB93D008226A4 /* Clouds.swift in Sources */ = {isa = PBXBuildFile; fileRef = AE87132825BEB93D008226A4 /* Clouds.swift */; };
		AE87132C25BEB973008226A4 /* Coordinates .swift in Sources */ = {isa = PBXBuildFile; fileRef = AE87132B25BEB973008226A4 /* Coordinates .swift */; };
		AE87132F25BEB9B2008226A4 /* Weather.swift in Sources */ = {isa = PBXBuildFile; fileRef = AE87132E25BEB9B2008226A4 /* Weather.swift */; };
		AEC17ACC25BED0AF00B7DD9F /* ForecastViewController.swift in Sources */ = {isa = PBXBuildFile; fileRef = AEC17ACB25BED0AF00B7DD9F /* ForecastViewController.swift */; };
		AEC17ACF25BEDC8200B7DD9F /* Rain.swift in Sources */ = {isa = PBXBuildFile; fileRef = AEC17ACE25BEDC8200B7DD9F /* Rain.swift */; };
		AEC17AD225BEDCCE00B7DD9F /* Snow.swift in Sources */ = {isa = PBXBuildFile; fileRef = AEC17AD125BEDCCE00B7DD9F /* Snow.swift */; };
		AEC17AD525BEFF3300B7DD9F /* SectionHeader.swift in Sources */ = {isa = PBXBuildFile; fileRef = AEC17AD425BEFF3300B7DD9F /* SectionHeader.swift */; };
		AEC537DB25BC361A00BDE7A0 /* AppDelegate.swift in Sources */ = {isa = PBXBuildFile; fileRef = AEC537DA25BC361A00BDE7A0 /* AppDelegate.swift */; };
		AEC537DD25BC361A00BDE7A0 /* SceneDelegate.swift in Sources */ = {isa = PBXBuildFile; fileRef = AEC537DC25BC361A00BDE7A0 /* SceneDelegate.swift */; };
		AEC537DF25BC361A00BDE7A0 /* ViewController.swift in Sources */ = {isa = PBXBuildFile; fileRef = AEC537DE25BC361A00BDE7A0 /* ViewController.swift */; };
		AEC537E225BC361A00BDE7A0 /* Main.storyboard in Resources */ = {isa = PBXBuildFile; fileRef = AEC537E025BC361A00BDE7A0 /* Main.storyboard */; };
		AEC537E425BC362000BDE7A0 /* Assets.xcassets in Resources */ = {isa = PBXBuildFile; fileRef = AEC537E325BC362000BDE7A0 /* Assets.xcassets */; };
		AEC537E725BC362000BDE7A0 /* LaunchScreen.storyboard in Resources */ = {isa = PBXBuildFile; fileRef = AEC537E525BC362000BDE7A0 /* LaunchScreen.storyboard */; };
		AEC537F025BC398E00BDE7A0 /* NetworkManager.swift in Sources */ = {isa = PBXBuildFile; fileRef = AEC537EF25BC398D00BDE7A0 /* NetworkManager.swift */; };
		AEC537F525BC39B200BDE7A0 /* City.swift in Sources */ = {isa = PBXBuildFile; fileRef = AEC537F425BC39B200BDE7A0 /* City.swift */; };
		AEC537FE25BCA92D00BDE7A0 /* CitiesStorage.swift in Sources */ = {isa = PBXBuildFile; fileRef = AEC537FD25BCA92B00BDE7A0 /* CitiesStorage.swift */; };
		AEC5380225BD4E4600BDE7A0 /* CurrentWeather.swift in Sources */ = {isa = PBXBuildFile; fileRef = AEC5380125BD4E4600BDE7A0 /* CurrentWeather.swift */; };
/* End PBXBuildFile section */

/* Begin PBXFileReference section */
		AE3C86D125BE09EE0011032B /* DetailViewController.swift */ = {isa = PBXFileReference; lastKnownFileType = sourcecode.swift; path = DetailViewController.swift; sourceTree = "<group>"; };
		AE6FBE9525BEBC2B009A4F83 /* DailyForecast.swift */ = {isa = PBXFileReference; lastKnownFileType = sourcecode.swift; path = DailyForecast.swift; sourceTree = "<group>"; };
		AE6FBE9B25BEC1EA009A4F83 /* ForecastCollectionViewCell.swift */ = {isa = PBXFileReference; lastKnownFileType = sourcecode.swift; path = ForecastCollectionViewCell.swift; sourceTree = "<group>"; };
		AE87131B25BEB7F3008226A4 /* DailyTemperature.swift */ = {isa = PBXFileReference; lastKnownFileType = sourcecode.swift; path = DailyTemperature.swift; sourceTree = "<group>"; };
		AE87131E25BEB81D008226A4 /* FeelsLikeTemperature.swift */ = {isa = PBXFileReference; lastKnownFileType = sourcecode.swift; path = FeelsLikeTemperature.swift; sourceTree = "<group>"; };
		AE87132125BEB842008226A4 /* Forecast.swift */ = {isa = PBXFileReference; lastKnownFileType = sourcecode.swift; path = Forecast.swift; sourceTree = "<group>"; };
		AE87132525BEB915008226A4 /* CurrentWeatherList.swift */ = {isa = PBXFileReference; lastKnownFileType = sourcecode.swift; path = CurrentWeatherList.swift; sourceTree = "<group>"; };
		AE87132825BEB93D008226A4 /* Clouds.swift */ = {isa = PBXFileReference; lastKnownFileType = sourcecode.swift; path = Clouds.swift; sourceTree = "<group>"; };
		AE87132B25BEB973008226A4 /* Coordinates .swift */ = {isa = PBXFileReference; lastKnownFileType = sourcecode.swift; path = "Coordinates .swift"; sourceTree = "<group>"; };
		AE87132E25BEB9B2008226A4 /* Weather.swift */ = {isa = PBXFileReference; lastKnownFileType = sourcecode.swift; path = Weather.swift; sourceTree = "<group>"; };
		AEC17ACB25BED0AF00B7DD9F /* ForecastViewController.swift */ = {isa = PBXFileReference; lastKnownFileType = sourcecode.swift; path = ForecastViewController.swift; sourceTree = "<group>"; };
		AEC17ACE25BEDC8200B7DD9F /* Rain.swift */ = {isa = PBXFileReference; lastKnownFileType = sourcecode.swift; path = Rain.swift; sourceTree = "<group>"; };
		AEC17AD125BEDCCE00B7DD9F /* Snow.swift */ = {isa = PBXFileReference; lastKnownFileType = sourcecode.swift; path = Snow.swift; sourceTree = "<group>"; };
		AEC17AD425BEFF3300B7DD9F /* SectionHeader.swift */ = {isa = PBXFileReference; lastKnownFileType = sourcecode.swift; path = SectionHeader.swift; sourceTree = "<group>"; };
		AEC537D725BC361A00BDE7A0 /* weatherAppp.app */ = {isa = PBXFileReference; explicitFileType = wrapper.application; includeInIndex = 0; path = weatherAppp.app; sourceTree = BUILT_PRODUCTS_DIR; };
		AEC537DA25BC361A00BDE7A0 /* AppDelegate.swift */ = {isa = PBXFileReference; lastKnownFileType = sourcecode.swift; path = AppDelegate.swift; sourceTree = "<group>"; };
		AEC537DC25BC361A00BDE7A0 /* SceneDelegate.swift */ = {isa = PBXFileReference; lastKnownFileType = sourcecode.swift; path = SceneDelegate.swift; sourceTree = "<group>"; };
		AEC537DE25BC361A00BDE7A0 /* ViewController.swift */ = {isa = PBXFileReference; lastKnownFileType = sourcecode.swift; path = ViewController.swift; sourceTree = "<group>"; };
		AEC537E125BC361A00BDE7A0 /* Base */ = {isa = PBXFileReference; lastKnownFileType = file.storyboard; name = Base; path = Base.lproj/Main.storyboard; sourceTree = "<group>"; };
		AEC537E325BC362000BDE7A0 /* Assets.xcassets */ = {isa = PBXFileReference; lastKnownFileType = folder.assetcatalog; path = Assets.xcassets; sourceTree = "<group>"; };
		AEC537E625BC362000BDE7A0 /* Base */ = {isa = PBXFileReference; lastKnownFileType = file.storyboard; name = Base; path = Base.lproj/LaunchScreen.storyboard; sourceTree = "<group>"; };
		AEC537E825BC362000BDE7A0 /* Info.plist */ = {isa = PBXFileReference; lastKnownFileType = text.plist.xml; path = Info.plist; sourceTree = "<group>"; };
		AEC537EF25BC398D00BDE7A0 /* NetworkManager.swift */ = {isa = PBXFileReference; lastKnownFileType = sourcecode.swift; path = NetworkManager.swift; sourceTree = "<group>"; };
		AEC537F425BC39B200BDE7A0 /* City.swift */ = {isa = PBXFileReference; lastKnownFileType = sourcecode.swift; path = City.swift; sourceTree = "<group>"; };
		AEC537FD25BCA92B00BDE7A0 /* CitiesStorage.swift */ = {isa = PBXFileReference; lastKnownFileType = sourcecode.swift; path = CitiesStorage.swift; sourceTree = "<group>"; };
		AEC5380125BD4E4600BDE7A0 /* CurrentWeather.swift */ = {isa = PBXFileReference; lastKnownFileType = sourcecode.swift; path = CurrentWeather.swift; sourceTree = "<group>"; };
/* End PBXFileReference section */

/* Begin PBXFrameworksBuildPhase section */
		AEC537D425BC361A00BDE7A0 /* Frameworks */ = {
			isa = PBXFrameworksBuildPhase;
			buildActionMask = 2147483647;
			files = (
			);
			runOnlyForDeploymentPostprocessing = 0;
		};
/* End PBXFrameworksBuildPhase section */

/* Begin PBXGroup section */
		AE87132425BEB853008226A4 /* Forecast */ = {
			isa = PBXGroup;
			children = (
				AE87131B25BEB7F3008226A4 /* DailyTemperature.swift */,
				AE87131E25BEB81D008226A4 /* FeelsLikeTemperature.swift */,
				AE87132125BEB842008226A4 /* Forecast.swift */,
				AE6FBE9525BEBC2B009A4F83 /* DailyForecast.swift */,
			);
			path = Forecast;
			sourceTree = "<group>";
		};
		AE87133125BEB9D9008226A4 /* CurrentWeather */ = {
			isa = PBXGroup;
			children = (
				AEC5380125BD4E4600BDE7A0 /* CurrentWeather.swift */,
				AE87132525BEB915008226A4 /* CurrentWeatherList.swift */,
				AE87132825BEB93D008226A4 /* Clouds.swift */,
				AE87132B25BEB973008226A4 /* Coordinates .swift */,
				AE87132E25BEB9B2008226A4 /* Weather.swift */,
				AEC17ACE25BEDC8200B7DD9F /* Rain.swift */,
				AEC17AD125BEDCCE00B7DD9F /* Snow.swift */,
			);
			path = CurrentWeather;
			sourceTree = "<group>";
		};
		AEC17AD725BF023300B7DD9F /* ForecastView */ = {
			isa = PBXGroup;
			children = (
				AEC17AD425BEFF3300B7DD9F /* SectionHeader.swift */,
				AE6FBE9B25BEC1EA009A4F83 /* ForecastCollectionViewCell.swift */,
			);
			path = ForecastView;
			sourceTree = "<group>";
		};
		AEC17ADB25BF85DC00B7DD9F /* Controller */ = {
			isa = PBXGroup;
			children = (
				AEC537DE25BC361A00BDE7A0 /* ViewController.swift */,
				AEC17ACB25BED0AF00B7DD9F /* ForecastViewController.swift */,
				AE3C86D125BE09EE0011032B /* DetailViewController.swift */,
			);
			path = Controller;
			sourceTree = "<group>";
		};
		AEC537CE25BC361900BDE7A0 = {
			isa = PBXGroup;
			children = (
				AEC537D925BC361A00BDE7A0 /* weatherAppp */,
				AEC537D825BC361A00BDE7A0 /* Products */,
			);
			sourceTree = "<group>";
		};
		AEC537D825BC361A00BDE7A0 /* Products */ = {
			isa = PBXGroup;
			children = (
				AEC537D725BC361A00BDE7A0 /* weatherAppp.app */,
			);
			name = Products;
			sourceTree = "<group>";
		};
		AEC537D925BC361A00BDE7A0 /* weatherAppp */ = {
			isa = PBXGroup;
			children = (
				AEC537DA25BC361A00BDE7A0 /* AppDelegate.swift */,
				AEC537DC25BC361A00BDE7A0 /* SceneDelegate.swift */,
				AEC17ADB25BF85DC00B7DD9F /* Controller */,
				AEC537E025BC361A00BDE7A0 /* Main.storyboard */,
				AEC17AD725BF023300B7DD9F /* ForecastView */,
				AEC537E325BC362000BDE7A0 /* Assets.xcassets */,
				AEC537E525BC362000BDE7A0 /* LaunchScreen.storyboard */,
				AEC537E825BC362000BDE7A0 /* Info.plist */,
				AEC537F225BC399400BDE7A0 /* Manager */,
				AEC537F825BC39B700BDE7A0 /* Model */,
			);
			path = weatherAppp;
			sourceTree = "<group>";
		};
		AEC537F225BC399400BDE7A0 /* Manager */ = {
			isa = PBXGroup;
			children = (
				AEC537EF25BC398D00BDE7A0 /* NetworkManager.swift */,
			);
			path = Manager;
			sourceTree = "<group>";
		};
		AEC537F825BC39B700BDE7A0 /* Model */ = {
			isa = PBXGroup;
			children = (
				AEC537FD25BCA92B00BDE7A0 /* CitiesStorage.swift */,
				AEC537F425BC39B200BDE7A0 /* City.swift */,
				AE87133125BEB9D9008226A4 /* CurrentWeather */,
				AE87132425BEB853008226A4 /* Forecast */,
			);
			path = Model;
			sourceTree = "<group>";
		};
/* End PBXGroup section */

/* Begin PBXNativeTarget section */
		AEC537D625BC361A00BDE7A0 /* weatherAppp */ = {
			isa = PBXNativeTarget;
			buildConfigurationList = AEC537EB25BC362000BDE7A0 /* Build configuration list for PBXNativeTarget "weatherAppp" */;
			buildPhases = (
				AEC537D325BC361A00BDE7A0 /* Sources */,
				AEC537D425BC361A00BDE7A0 /* Frameworks */,
				AEC537D525BC361A00BDE7A0 /* Resources */,
			);
			buildRules = (
			);
			dependencies = (
			);
			name = weatherAppp;
			productName = weatherAppp;
			productReference = AEC537D725BC361A00BDE7A0 /* weatherAppp.app */;
			productType = "com.apple.product-type.application";
		};
/* End PBXNativeTarget section */

/* Begin PBXProject section */
		AEC537CF25BC361A00BDE7A0 /* Project object */ = {
			isa = PBXProject;
			attributes = {
				LastSwiftUpdateCheck = 1230;
				LastUpgradeCheck = 1230;
				TargetAttributes = {
					AEC537D625BC361A00BDE7A0 = {
						CreatedOnToolsVersion = 12.3;
					};
				};
			};
			buildConfigurationList = AEC537D225BC361A00BDE7A0 /* Build configuration list for PBXProject "weatherAppp" */;
			compatibilityVersion = "Xcode 9.3";
			developmentRegion = en;
			hasScannedForEncodings = 0;
			knownRegions = (
				en,
				Base,
			);
			mainGroup = AEC537CE25BC361900BDE7A0;
			productRefGroup = AEC537D825BC361A00BDE7A0 /* Products */;
			projectDirPath = "";
			projectRoot = "";
			targets = (
				AEC537D625BC361A00BDE7A0 /* weatherAppp */,
			);
		};
/* End PBXProject section */

/* Begin PBXResourcesBuildPhase section */
		AEC537D525BC361A00BDE7A0 /* Resources */ = {
			isa = PBXResourcesBuildPhase;
			buildActionMask = 2147483647;
			files = (
				AEC537E725BC362000BDE7A0 /* LaunchScreen.storyboard in Resources */,
				AEC537E425BC362000BDE7A0 /* Assets.xcassets in Resources */,
				AEC537E225BC361A00BDE7A0 /* Main.storyboard in Resources */,
			);
			runOnlyForDeploymentPostprocessing = 0;
		};
/* End PBXResourcesBuildPhase section */

/* Begin PBXSourcesBuildPhase section */
		AEC537D325BC361A00BDE7A0 /* Sources */ = {
			isa = PBXSourcesBuildPhase;
			buildActionMask = 2147483647;
			files = (
				AE3C86D225BE09EE0011032B /* DetailViewController.swift in Sources */,
				AE87132925BEB93D008226A4 /* Clouds.swift in Sources */,
				AE6FBE9625BEBC2B009A4F83 /* DailyForecast.swift in Sources */,
				AEC17ACF25BEDC8200B7DD9F /* Rain.swift in Sources */,
				AE6FBE9D25BEC1EB009A4F83 /* ForecastCollectionViewCell.swift in Sources */,
				AEC537F025BC398E00BDE7A0 /* NetworkManager.swift in Sources */,
				AE87132225BEB842008226A4 /* Forecast.swift in Sources */,
				AE87132F25BEB9B2008226A4 /* Weather.swift in Sources */,
				AEC17AD525BEFF3300B7DD9F /* SectionHeader.swift in Sources */,
				AEC537F525BC39B200BDE7A0 /* City.swift in Sources */,
				AE87132625BEB915008226A4 /* CurrentWeatherList.swift in Sources */,
				AE87132C25BEB973008226A4 /* Coordinates .swift in Sources */,
				AE87131C25BEB7F4008226A4 /* DailyTemperature.swift in Sources */,
				AEC5380225BD4E4600BDE7A0 /* CurrentWeather.swift in Sources */,
				AEC537DF25BC361A00BDE7A0 /* ViewController.swift in Sources */,
				AEC537FE25BCA92D00BDE7A0 /* CitiesStorage.swift in Sources */,
				AEC17AD225BEDCCE00B7DD9F /* Snow.swift in Sources */,
				AEC537DB25BC361A00BDE7A0 /* AppDelegate.swift in Sources */,
				AE87131F25BEB81D008226A4 /* FeelsLikeTemperature.swift in Sources */,
				AEC537DD25BC361A00BDE7A0 /* SceneDelegate.swift in Sources */,
				AEC17ACC25BED0AF00B7DD9F /* ForecastViewController.swift in Sources */,
			);
			runOnlyForDeploymentPostprocessing = 0;
		};
/* End PBXSourcesBuildPhase section */

/* Begin PBXVariantGroup section */
		AEC537E025BC361A00BDE7A0 /* Main.storyboard */ = {
			isa = PBXVariantGroup;
			children = (
				AEC537E125BC361A00BDE7A0 /* Base */,
			);
			name = Main.storyboard;
			sourceTree = "<group>";
		};
		AEC537E525BC362000BDE7A0 /* LaunchScreen.storyboard */ = {
			isa = PBXVariantGroup;
			children = (
				AEC537E625BC362000BDE7A0 /* Base */,
			);
			name = LaunchScreen.storyboard;
			sourceTree = "<group>";
		};
/* End PBXVariantGroup section */

/* Begin XCBuildConfiguration section */
		AEC537E925BC362000BDE7A0 /* Debug */ = {
			isa = XCBuildConfiguration;
			buildSettings = {
				ALWAYS_SEARCH_USER_PATHS = NO;
				CLANG_ANALYZER_NONNULL = YES;
				CLANG_ANALYZER_NUMBER_OBJECT_CONVERSION = YES_AGGRESSIVE;
				CLANG_CXX_LANGUAGE_STANDARD = "gnu++14";
				CLANG_CXX_LIBRARY = "libc++";
				CLANG_ENABLE_MODULES = YES;
				CLANG_ENABLE_OBJC_ARC = YES;
				CLANG_ENABLE_OBJC_WEAK = YES;
				CLANG_WARN_BLOCK_CAPTURE_AUTORELEASING = YES;
				CLANG_WARN_BOOL_CONVERSION = YES;
				CLANG_WARN_COMMA = YES;
				CLANG_WARN_CONSTANT_CONVERSION = YES;
				CLANG_WARN_DEPRECATED_OBJC_IMPLEMENTATIONS = YES;
				CLANG_WARN_DIRECT_OBJC_ISA_USAGE = YES_ERROR;
				CLANG_WARN_DOCUMENTATION_COMMENTS = YES;
				CLANG_WARN_EMPTY_BODY = YES;
				CLANG_WARN_ENUM_CONVERSION = YES;
				CLANG_WARN_INFINITE_RECURSION = YES;
				CLANG_WARN_INT_CONVERSION = YES;
				CLANG_WARN_NON_LITERAL_NULL_CONVERSION = YES;
				CLANG_WARN_OBJC_IMPLICIT_RETAIN_SELF = YES;
				CLANG_WARN_OBJC_LITERAL_CONVERSION = YES;
				CLANG_WARN_OBJC_ROOT_CLASS = YES_ERROR;
				CLANG_WARN_QUOTED_INCLUDE_IN_FRAMEWORK_HEADER = YES;
				CLANG_WARN_RANGE_LOOP_ANALYSIS = YES;
				CLANG_WARN_STRICT_PROTOTYPES = YES;
				CLANG_WARN_SUSPICIOUS_MOVE = YES;
				CLANG_WARN_UNGUARDED_AVAILABILITY = YES_AGGRESSIVE;
				CLANG_WARN_UNREACHABLE_CODE = YES;
				CLANG_WARN__DUPLICATE_METHOD_MATCH = YES;
				COPY_PHASE_STRIP = NO;
				DEBUG_INFORMATION_FORMAT = dwarf;
				ENABLE_STRICT_OBJC_MSGSEND = YES;
				ENABLE_TESTABILITY = YES;
				GCC_C_LANGUAGE_STANDARD = gnu11;
				GCC_DYNAMIC_NO_PIC = NO;
				GCC_NO_COMMON_BLOCKS = YES;
				GCC_OPTIMIZATION_LEVEL = 0;
				GCC_PREPROCESSOR_DEFINITIONS = (
					"DEBUG=1",
					"$(inherited)",
				);
				GCC_WARN_64_TO_32_BIT_CONVERSION = YES;
				GCC_WARN_ABOUT_RETURN_TYPE = YES_ERROR;
				GCC_WARN_UNDECLARED_SELECTOR = YES;
				GCC_WARN_UNINITIALIZED_AUTOS = YES_AGGRESSIVE;
				GCC_WARN_UNUSED_FUNCTION = YES;
				GCC_WARN_UNUSED_VARIABLE = YES;
				IPHONEOS_DEPLOYMENT_TARGET = 14.3;
				MTL_ENABLE_DEBUG_INFO = INCLUDE_SOURCE;
				MTL_FAST_MATH = YES;
				ONLY_ACTIVE_ARCH = YES;
				SDKROOT = iphoneos;
				SWIFT_ACTIVE_COMPILATION_CONDITIONS = DEBUG;
				SWIFT_OPTIMIZATION_LEVEL = "-Onone";
			};
			name = Debug;
		};
		AEC537EA25BC362000BDE7A0 /* Release */ = {
			isa = XCBuildConfiguration;
			buildSettings = {
				ALWAYS_SEARCH_USER_PATHS = NO;
				CLANG_ANALYZER_NONNULL = YES;
				CLANG_ANALYZER_NUMBER_OBJECT_CONVERSION = YES_AGGRESSIVE;
				CLANG_CXX_LANGUAGE_STANDARD = "gnu++14";
				CLANG_CXX_LIBRARY = "libc++";
				CLANG_ENABLE_MODULES = YES;
				CLANG_ENABLE_OBJC_ARC = YES;
				CLANG_ENABLE_OBJC_WEAK = YES;
				CLANG_WARN_BLOCK_CAPTURE_AUTORELEASING = YES;
				CLANG_WARN_BOOL_CONVERSION = YES;
				CLANG_WARN_COMMA = YES;
				CLANG_WARN_CONSTANT_CONVERSION = YES;
				CLANG_WARN_DEPRECATED_OBJC_IMPLEMENTATIONS = YES;
				CLANG_WARN_DIRECT_OBJC_ISA_USAGE = YES_ERROR;
				CLANG_WARN_DOCUMENTATION_COMMENTS = YES;
				CLANG_WARN_EMPTY_BODY = YES;
				CLANG_WARN_ENUM_CONVERSION = YES;
				CLANG_WARN_INFINITE_RECURSION = YES;
				CLANG_WARN_INT_CONVERSION = YES;
				CLANG_WARN_NON_LITERAL_NULL_CONVERSION = YES;
				CLANG_WARN_OBJC_IMPLICIT_RETAIN_SELF = YES;
				CLANG_WARN_OBJC_LITERAL_CONVERSION = YES;
				CLANG_WARN_OBJC_ROOT_CLASS = YES_ERROR;
				CLANG_WARN_QUOTED_INCLUDE_IN_FRAMEWORK_HEADER = YES;
				CLANG_WARN_RANGE_LOOP_ANALYSIS = YES;
				CLANG_WARN_STRICT_PROTOTYPES = YES;
				CLANG_WARN_SUSPICIOUS_MOVE = YES;
				CLANG_WARN_UNGUARDED_AVAILABILITY = YES_AGGRESSIVE;
				CLANG_WARN_UNREACHABLE_CODE = YES;
				CLANG_WARN__DUPLICATE_METHOD_MATCH = YES;
				COPY_PHASE_STRIP = NO;
				DEBUG_INFORMATION_FORMAT = "dwarf-with-dsym";
				ENABLE_NS_ASSERTIONS = NO;
				ENABLE_STRICT_OBJC_MSGSEND = YES;
				GCC_C_LANGUAGE_STANDARD = gnu11;
				GCC_NO_COMMON_BLOCKS = YES;
				GCC_WARN_64_TO_32_BIT_CONVERSION = YES;
				GCC_WARN_ABOUT_RETURN_TYPE = YES_ERROR;
				GCC_WARN_UNDECLARED_SELECTOR = YES;
				GCC_WARN_UNINITIALIZED_AUTOS = YES_AGGRESSIVE;
				GCC_WARN_UNUSED_FUNCTION = YES;
				GCC_WARN_UNUSED_VARIABLE = YES;
				IPHONEOS_DEPLOYMENT_TARGET = 14.3;
				MTL_ENABLE_DEBUG_INFO = NO;
				MTL_FAST_MATH = YES;
				SDKROOT = iphoneos;
				SWIFT_COMPILATION_MODE = wholemodule;
				SWIFT_OPTIMIZATION_LEVEL = "-O";
				VALIDATE_PRODUCT = YES;
			};
			name = Release;
		};
		AEC537EC25BC362000BDE7A0 /* Debug */ = {
			isa = XCBuildConfiguration;
			buildSettings = {
				ASSETCATALOG_COMPILER_APPICON_NAME = AppIcon;
				ASSETCATALOG_COMPILER_GLOBAL_ACCENT_COLOR_NAME = AccentColor;
				CODE_SIGN_STYLE = Automatic;
				DEVELOPMENT_TEAM = UPWXFVVHLN;
				INFOPLIST_FILE = weatherAppp/Info.plist;
				LD_RUNPATH_SEARCH_PATHS = (
					"$(inherited)",
					"@executable_path/Frameworks",
				);
				PRODUCT_BUNDLE_IDENTIFIER = myApp.weatherAppp;
				PRODUCT_NAME = "$(TARGET_NAME)";
				SWIFT_VERSION = 5.0;
				TARGETED_DEVICE_FAMILY = "1,2";
			};
			name = Debug;
		};
		AEC537ED25BC362000BDE7A0 /* Release */ = {
			isa = XCBuildConfiguration;
			buildSettings = {
				ASSETCATALOG_COMPILER_APPICON_NAME = AppIcon;
				ASSETCATALOG_COMPILER_GLOBAL_ACCENT_COLOR_NAME = AccentColor;
				CODE_SIGN_STYLE = Automatic;
				DEVELOPMENT_TEAM = UPWXFVVHLN;
				INFOPLIST_FILE = weatherAppp/Info.plist;
				LD_RUNPATH_SEARCH_PATHS = (
					"$(inherited)",
					"@executable_path/Frameworks",
				);
				PRODUCT_BUNDLE_IDENTIFIER = myApp.weatherAppp;
				PRODUCT_NAME = "$(TARGET_NAME)";
				SWIFT_VERSION = 5.0;
				TARGETED_DEVICE_FAMILY = "1,2";
			};
			name = Release;
		};
/* End XCBuildConfiguration section */

/* Begin XCConfigurationList section */
		AEC537D225BC361A00BDE7A0 /* Build configuration list for PBXProject "weatherAppp" */ = {
			isa = XCConfigurationList;
			buildConfigurations = (
				AEC537E925BC362000BDE7A0 /* Debug */,
				AEC537EA25BC362000BDE7A0 /* Release */,
			);
			defaultConfigurationIsVisible = 0;
			defaultConfigurationName = Release;
		};
		AEC537EB25BC362000BDE7A0 /* Build configuration list for PBXNativeTarget "weatherAppp" */ = {
			isa = XCConfigurationList;
			buildConfigurations = (
				AEC537EC25BC362000BDE7A0 /* Debug */,
				AEC537ED25BC362000BDE7A0 /* Release */,
			);
			defaultConfigurationIsVisible = 0;
			defaultConfigurationName = Release;
		};
/* End XCConfigurationList section */
	};
	rootObject = AEC537CF25BC361A00BDE7A0 /* Project object */;
}
